
Microsoft Visual Studio Solution File, Format Version 12.00
# Visual Studio 15
Project("{FAE04EC0-301F-11D3-BF4B-00C04F79EFBC}") = "Assembly-CSharp", "Assembly-CSharp.csproj", "{B79CEEE9-DAE4-B0BE-B2E2-E715A34082AA}"
EndProject
Global
	GlobalSection(SolutionConfigurationPlatforms) = preSolution
		Debug|Any CPU = Debug|Any CPU
		Release|Any CPU = Release|Any CPU
	EndGlobalSection
	GlobalSection(ProjectConfigurationPlatforms) = postSolution
		{B79CEEE9-DAE4-B0BE-B2E2-E715A34082AA}.Debug|Any CPU.ActiveCfg = Debug|Any CPU
		{B79CEEE9-DAE4-B0BE-B2E2-E715A34082AA}.Debug|Any CPU.Build.0 = Debug|Any CPU
		{B79CEEE9-DAE4-B0BE-B2E2-E715A34082AA}.Release|Any CPU.ActiveCfg = Release|Any CPU
		{B79CEEE9-DAE4-B0BE-B2E2-E715A34082AA}.Release|Any CPU.Build.0 = Release|Any CPU
	EndGlobalSection
	GlobalSection(SolutionProperties) = preSolution
		HideSolutionNode = FALSE
	EndGlobalSection
EndGlobal
